
Microsoft Visual Studio Solution File, Format Version 12.00
# Visual Studio Version 17
VisualStudioVersion = 17.7.34003.232
MinimumVisualStudioVersion = 10.0.40219.1
Project("{FAE04EC0-301F-11D3-BF4B-00C04F79EFBC}") = "ZipCodesServer", "ZipCodesServer\ZipCodesServer.csproj", "{3A7823DB-4763-40BD-A4AA-AB08F564C423}"
EndProject
Global
	GlobalSection(SolutionConfigurationPlatforms) = preSolution
		Debug|Any CPU = Debug|Any CPU
		Release|Any CPU = Release|Any CPU
	EndGlobalSection
	GlobalSection(ProjectConfigurationPlatforms) = postSolution
		{3A7823DB-4763-40BD-A4AA-AB08F564C423}.Debug|Any CPU.ActiveCfg = Debug|Any CPU
		{3A7823DB-4763-40BD-A4AA-AB08F564C423}.Debug|Any CPU.Build.0 = Debug|Any CPU
		{3A7823DB-4763-40BD-A4AA-AB08F564C423}.Release|Any CPU.ActiveCfg = Release|Any CPU
		{3A7823DB-4763-40BD-A4AA-AB08F564C423}.Release|Any CPU.Build.0 = Release|Any CPU
	EndGlobalSection
	GlobalSection(SolutionProperties) = preSolution
		HideSolutionNode = FALSE
	EndGlobalSection
	GlobalSection(ExtensibilityGlobals) = postSolution
		SolutionGuid = {BA6DFA97-F84B-4FEC-A400-F38792A03662}
	EndGlobalSection
EndGlobal
